
Microsoft Visual Studio Solution File, Format Version 12.00
# Visual Studio Version 17
VisualStudioVersion = 17.3.32901.215
MinimumVisualStudioVersion = 10.0.40219.1
Project("{FAE04EC0-301F-11D3-BF4B-00C04F79EFBC}") = "Uppgift 2.4", "Uppgift 2.4\Uppgift 2.4.csproj", "{5EA1698D-F329-43A7-B600-947E66660CEF}"
EndProject
Global
	GlobalSection(SolutionConfigurationPlatforms) = preSolution
		Debug|Any CPU = Debug|Any CPU
		Release|Any CPU = Release|Any CPU
	EndGlobalSection
	GlobalSection(ProjectConfigurationPlatforms) = postSolution
		{5EA1698D-F329-43A7-B600-947E66660CEF}.Debug|Any CPU.ActiveCfg = Debug|Any CPU
		{5EA1698D-F329-43A7-B600-947E66660CEF}.Debug|Any CPU.Build.0 = Debug|Any CPU
		{5EA1698D-F329-43A7-B600-947E66660CEF}.Release|Any CPU.ActiveCfg = Release|Any CPU
		{5EA1698D-F329-43A7-B600-947E66660CEF}.Release|Any CPU.Build.0 = Release|Any CPU
	EndGlobalSection
	GlobalSection(SolutionProperties) = preSolution
		HideSolutionNode = FALSE
	EndGlobalSection
	GlobalSection(ExtensibilityGlobals) = postSolution
		SolutionGuid = {6CC79415-B23D-46C4-9D91-532135A7AA05}
	EndGlobalSection
EndGlobal
